
Microsoft Visual Studio Solution File, Format Version 12.00
# Visual Studio Version 16
VisualStudioVersion = 16.0.32901.82
MinimumVisualStudioVersion = 10.0.40219.1
Project("{FAE04EC0-301F-11D3-BF4B-00C04F79EFBC}") = "MyCoffeeApp.Android", "MyCoffeeApp\MyCoffeeApp.Android\MyCoffeeApp.Android.csproj", "{6982B45F-127E-4C8E-A951-9553280817F4}"
EndProject
Project("{FAE04EC0-301F-11D3-BF4B-00C04F79EFBC}") = "MyCoffeeApp.iOS", "MyCoffeeApp\MyCoffeeApp.iOS\MyCoffeeApp.iOS.csproj", "{F71D0FB3-38A1-4C39-8196-B7CEE36382A2}"
EndProject
Project("{9A19103F-16F7-4668-BE54-9A1E7A4F7556}") = "MyCoffeeApp", "MyCoffeeApp\MyCoffeeApp\MyCoffeeApp.csproj", "{23C1B131-C8A9-48B7-AA36-912F4F91352B}"
EndProject
Project("{2150E333-8FDC-42A3-9474-1A3956D46DE8}") = "Shared", "Shared", "{69C9D724-7ECB-49F1-B760-FC7EF7A11BFA}"
EndProject
Project("{2150E333-8FDC-42A3-9474-1A3956D46DE8}") = "Web", "Web", "{03F35F64-A05E-4FD5-84CC-4597C3F0D9CE}"
EndProject
Project("{2150E333-8FDC-42A3-9474-1A3956D46DE8}") = "Models", "Models", "{D9093A5F-9904-4E63-AE2A-9CD69B63A100}"
	ProjectSection(SolutionItems) = preProject
		MyCoffeeApp\MyCoffeeApp\Models\Coffee.cs = MyCoffeeApp\MyCoffeeApp\Models\Coffee.cs
	EndProjectSection
EndProject
Global
	GlobalSection(SolutionConfigurationPlatforms) = preSolution
		Debug|Any CPU = Debug|Any CPU
		Debug|iPhone = Debug|iPhone
		Debug|iPhoneSimulator = Debug|iPhoneSimulator
		Release|Any CPU = Release|Any CPU
		Release|iPhone = Release|iPhone
		Release|iPhoneSimulator = Release|iPhoneSimulator
	EndGlobalSection
	GlobalSection(ProjectConfigurationPlatforms) = postSolution
		{6982B45F-127E-4C8E-A951-9553280817F4}.Debug|Any CPU.ActiveCfg = Debug|Any CPU
		{6982B45F-127E-4C8E-A951-9553280817F4}.Debug|Any CPU.Build.0 = Debug|Any CPU
		{6982B45F-127E-4C8E-A951-9553280817F4}.Debug|Any CPU.Deploy.0 = Debug|Any CPU
		{6982B45F-127E-4C8E-A951-9553280817F4}.Debug|iPhone.ActiveCfg = Debug|Any CPU
		{6982B45F-127E-4C8E-A951-9553280817F4}.Debug|iPhone.Build.0 = Debug|Any CPU
		{6982B45F-127E-4C8E-A951-9553280817F4}.Debug|iPhone.Deploy.0 = Debug|Any CPU
		{6982B45F-127E-4C8E-A951-9553280817F4}.Debug|iPhoneSimulator.ActiveCfg = Debug|Any CPU
		{6982B45F-127E-4C8E-A951-9553280817F4}.Debug|iPhoneSimulator.Build.0 = Debug|Any CPU
		{6982B45F-127E-4C8E-A951-9553280817F4}.Debug|iPhoneSimulator.Deploy.0 = Debug|Any CPU
		{6982B45F-127E-4C8E-A951-9553280817F4}.Release|Any CPU.ActiveCfg = Release|Any CPU
		{6982B45F-127E-4C8E-A951-9553280817F4}.Release|Any CPU.Build.0 = Release|Any CPU
		{6982B45F-127E-4C8E-A951-9553280817F4}.Release|Any CPU.Deploy.0 = Release|Any CPU
		{6982B45F-127E-4C8E-A951-9553280817F4}.Release|iPhone.ActiveCfg = Release|Any CPU
		{6982B45F-127E-4C8E-A951-9553280817F4}.Release|iPhone.Build.0 = Release|Any CPU
		{6982B45F-127E-4C8E-A951-9553280817F4}.Release|iPhone.Deploy.0 = Release|Any CPU
		{6982B45F-127E-4C8E-A951-9553280817F4}.Release|iPhoneSimulator.ActiveCfg = Release|Any CPU
		{6982B45F-127E-4C8E-A951-9553280817F4}.Release|iPhoneSimulator.Build.0 = Release|Any CPU
		{6982B45F-127E-4C8E-A951-9553280817F4}.Release|iPhoneSimulator.Deploy.0 = Release|Any CPU
		{F71D0FB3-38A1-4C39-8196-B7CEE36382A2}.Debug|Any CPU.ActiveCfg = Debug|iPhone
		{F71D0FB3-38A1-4C39-8196-B7CEE36382A2}.Debug|Any CPU.Build.0 = Debug|iPhone
		{F71D0FB3-38A1-4C39-8196-B7CEE36382A2}.Debug|Any CPU.Deploy.0 = Debug|iPhone
		{F71D0FB3-38A1-4C39-8196-B7CEE36382A2}.Debug|iPhone.ActiveCfg = Debug|iPhone
		{F71D0FB3-38A1-4C39-8196-B7CEE36382A2}.Debug|iPhone.Build.0 = Debug|iPhone
		{F71D0FB3-38A1-4C39-8196-B7CEE36382A2}.Debug|iPhone.Deploy.0 = Debug|iPhone
		{F71D0FB3-38A1-4C39-8196-B7CEE36382A2}.Debug|iPhoneSimulator.ActiveCfg = Debug|iPhoneSimulator
		{F71D0FB3-38A1-4C39-8196-B7CEE36382A2}.Debug|iPhoneSimulator.Build.0 = Debug|iPhoneSimulator
		{F71D0FB3-38A1-4C39-8196-B7CEE36382A2}.Debug|iPhoneSimulator.Deploy.0 = Debug|iPhoneSimulator
		{F71D0FB3-38A1-4C39-8196-B7CEE36382A2}.Release|Any CPU.ActiveCfg = Release|iPhoneSimulator
		{F71D0FB3-38A1-4C39-8196-B7CEE36382A2}.Release|Any CPU.Build.0 = Release|iPhoneSimulator
		{F71D0FB3-38A1-4C39-8196-B7CEE36382A2}.Release|Any CPU.Deploy.0 = Release|iPhoneSimulator
		{F71D0FB3-38A1-4C39-8196-B7CEE36382A2}.Release|iPhone.ActiveCfg = Release|iPhone
		{F71D0FB3-38A1-4C39-8196-B7CEE36382A2}.Release|iPhone.Build.0 = Release|iPhone
		{F71D0FB3-38A1-4C39-8196-B7CEE36382A2}.Release|iPhone.Deploy.0 = Release|iPhone
		{F71D0FB3-38A1-4C39-8196-B7CEE36382A2}.Release|iPhoneSimulator.ActiveCfg = Release|iPhoneSimulator
		{F71D0FB3-38A1-4C39-8196-B7CEE36382A2}.Release|iPhoneSimulator.Build.0 = Release|iPhoneSimulator
		{F71D0FB3-38A1-4C39-8196-B7CEE36382A2}.Release|iPhoneSimulator.Deploy.0 = Release|iPhoneSimulator
		{23C1B131-C8A9-48B7-AA36-912F4F91352B}.Debug|Any CPU.ActiveCfg = Debug|Any CPU
		{23C1B131-C8A9-48B7-AA36-912F4F91352B}.Debug|Any CPU.Build.0 = Debug|Any CPU
		{23C1B131-C8A9-48B7-AA36-912F4F91352B}.Debug|Any CPU.Deploy.0 = Debug|Any CPU
		{23C1B131-C8A9-48B7-AA36-912F4F91352B}.Debug|iPhone.ActiveCfg = Debug|Any CPU
		{23C1B131-C8A9-48B7-AA36-912F4F91352B}.Debug|iPhone.Build.0 = Debug|Any CPU
		{23C1B131-C8A9-48B7-AA36-912F4F91352B}.Debug|iPhone.Deploy.0 = Debug|Any CPU
		{23C1B131-C8A9-48B7-AA36-912F4F91352B}.Debug|iPhoneSimulator.ActiveCfg = Debug|Any CPU
		{23C1B131-C8A9-48B7-AA36-912F4F91352B}.Debug|iPhoneSimulator.Build.0 = Debug|Any CPU
		{23C1B131-C8A9-48B7-AA36-912F4F91352B}.Debug|iPhoneSimulator.Deploy.0 = Debug|Any CPU
		{23C1B131-C8A9-48B7-AA36-912F4F91352B}.Release|Any CPU.ActiveCfg = Release|Any CPU
		{23C1B131-C8A9-48B7-AA36-912F4F91352B}.Release|Any CPU.Build.0 = Release|Any CPU
		{23C1B131-C8A9-48B7-AA36-912F4F91352B}.Release|Any CPU.Deploy.0 = Release|Any CPU
		{23C1B131-C8A9-48B7-AA36-912F4F91352B}.Release|iPhone.ActiveCfg = Release|Any CPU
		{23C1B131-C8A9-48B7-AA36-912F4F91352B}.Release|iPhone.Build.0 = Release|Any CPU
		{23C1B131-C8A9-48B7-AA36-912F4F91352B}.Release|iPhone.Deploy.0 = Release|Any CPU
		{23C1B131-C8A9-48B7-AA36-912F4F91352B}.Release|iPhoneSimulator.ActiveCfg = Release|Any CPU
		{23C1B131-C8A9-48B7-AA36-912F4F91352B}.Release|iPhoneSimulator.Build.0 = Release|Any CPU
		{23C1B131-C8A9-48B7-AA36-912F4F91352B}.Release|iPhoneSimulator.Deploy.0 = Release|Any CPU
	EndGlobalSection
	GlobalSection(SolutionProperties) = preSolution
		HideSolutionNode = FALSE
	EndGlobalSection
	GlobalSection(NestedProjects) = preSolution
		{D9093A5F-9904-4E63-AE2A-9CD69B63A100} = {69C9D724-7ECB-49F1-B760-FC7EF7A11BFA}
	EndGlobalSection
	GlobalSection(ExtensibilityGlobals) = postSolution
		SolutionGuid = {2C983AA8-665A-4C6D-A236-D92DF98EF558}
	EndGlobalSection
EndGlobal
